PODS:
  - Disk (0.6.4)
  - IQKeyboardManagerSwift (6.5.4)

DEPENDENCIES:
  - Disk (~> 0.6.4)
  - IQKeyboardManagerSwift

SPEC REPOS:
  trunk:
    - Disk
    - IQKeyboardManagerSwift

SPEC CHECKSUMS:
  Disk: dcee5c2e98fb72f9a924cde8da8435b08244a80e
  IQKeyboardManagerSwift: 2dde0fc70110e8eac7ccce2a46fdbec6a850b414

PODFILE CHECKSUM: 6853eba8aa49e10c047a71a7ffa11e6d4d7bb8c2

COCOAPODS: 1.8.4
